
Microsoft Visual Studio Solution File, Format Version 12.00
# Visual Studio Version 16
VisualStudioVersion = 16.0.31129.286
MinimumVisualStudioVersion = 10.0.40219.1
Project("{FAE04EC0-301F-11D3-BF4B-00C04F79EFBC}") = "GuzelSozlerim", "GuzelSozlerim\GuzelSozlerim.csproj", "{54C9D9E8-3DF8-41DF-8ED9-7EC270CEC90D}"
EndProject
Global
	GlobalSection(SolutionConfigurationPlatforms) = preSolution
		Debug|Any CPU = Debug|Any CPU
		Release|Any CPU = Release|Any CPU
	EndGlobalSection
	GlobalSection(ProjectConfigurationPlatforms) = postSolution
		{54C9D9E8-3DF8-41DF-8ED9-7EC270CEC90D}.Debug|Any CPU.ActiveCfg = Debug|Any CPU
		{54C9D9E8-3DF8-41DF-8ED9-7EC270CEC90D}.Debug|Any CPU.Build.0 = Debug|Any CPU
		{54C9D9E8-3DF8-41DF-8ED9-7EC270CEC90D}.Release|Any CPU.ActiveCfg = Release|Any CPU
		{54C9D9E8-3DF8-41DF-8ED9-7EC270CEC90D}.Release|Any CPU.Build.0 = Release|Any CPU
	EndGlobalSection
	GlobalSection(SolutionProperties) = preSolution
		HideSolutionNode = FALSE
	EndGlobalSection
	GlobalSection(ExtensibilityGlobals) = postSolution
		SolutionGuid = {FC42805B-8E6D-49AA-9116-71407473D8D3}
	EndGlobalSection
EndGlobal
